
Microsoft Visual Studio Solution File, Format Version 12.00
# Visual Studio Version 17
VisualStudioVersion = 17.0.31903.59
MinimumVisualStudioVersion = 10.0.40219.1
Project("{2150E333-8FDC-42A3-9474-1A3956D46DE8}") = "src", "src", "{CBF96277-48C4-4A32-B3BF-DED73282D63D}"
EndProject
Project("{2150E333-8FDC-42A3-9474-1A3956D46DE8}") = "tests", "tests", "{A118D048-A81D-4155-873D-F9BBB1B0D576}"
EndProject
Project("{2150E333-8FDC-42A3-9474-1A3956D46DE8}") = "Domain", "Domain", "{B0969D3C-FFE8-42FD-8D4D-E0A1D86996FF}"
EndProject
Project("{2150E333-8FDC-42A3-9474-1A3956D46DE8}") = "Infrastructure", "Infrastructure", "{5C151624-439D-44C4-800B-F5FD37C3CA8B}"
EndProject
Project("{2150E333-8FDC-42A3-9474-1A3956D46DE8}") = "Presentation", "Presentation", "{F1A2C08A-957E-450F-A8A9-E26077C7AB79}"
EndProject
Project("{FAE04EC0-301F-11D3-BF4B-00C04F79EFBC}") = "Template.Domain", "src\Domain\Template.Domain\Template.Domain.csproj", "{08E0CD0D-7FA8-4B1A-915C-3FB3935E35A3}"
EndProject
Project("{FAE04EC0-301F-11D3-BF4B-00C04F79EFBC}") = "Template.Application", "src\Domain\Template.Application\Template.Application.csproj", "{CC826D9F-7D8D-4D36-BC33-9D08C103B4FF}"
EndProject
Project("{FAE04EC0-301F-11D3-BF4B-00C04F79EFBC}") = "Template.Persistence", "src\Infrastructure\Template.Persistence\Template.Persistence.csproj", "{91B7B152-8B17-44DA-B8EE-0E59CEF94278}"
EndProject
Project("{FAE04EC0-301F-11D3-BF4B-00C04F79EFBC}") = "Template.Migrations", "src\Infrastructure\Template.Migrations\Template.Migrations.csproj", "{C585A2AB-77B1-4D21-B7E2-7CA11CB43785}"
EndProject
Project("{FAE04EC0-301F-11D3-BF4B-00C04F79EFBC}") = "Template.RestAPI", "src\Presentation\Template.RestAPI\Template.RestAPI.csproj", "{3436624B-D0C3-4217-9A4C-C10214B89762}"
EndProject
Project("{FAE04EC0-301F-11D3-BF4B-00C04F79EFBC}") = "Template.TestTools", "Tests\Template.TestTools\Template.TestTools.csproj", "{7B4A90A6-5259-4BF3-AE37-E4E2F01DE03B}"
EndProject
Project("{FAE04EC0-301F-11D3-BF4B-00C04F79EFBC}") = "Template.UnitTests", "Tests\Template.UnitTests\Template.UnitTests.csproj", "{8006F9D9-135D-4E05-A586-1F554C7D57B4}"
EndProject
Project("{FAE04EC0-301F-11D3-BF4B-00C04F79EFBC}") = "Template.Contracts", "src\Domain\Template.Contracts\Template.Contracts.csproj", "{ADA8D475-E69B-4F41-B3B7-611DAF665EFD}"
EndProject
Project("{FAE04EC0-301F-11D3-BF4B-00C04F79EFBC}") = "Template.Infrastructure", "src\Infrastructure\Template.Infrastructure\Template.Infrastructure.csproj", "{E57D35D6-0727-4A23-9CB3-CC6352999206}"
EndProject
Global
	GlobalSection(SolutionConfigurationPlatforms) = preSolution
		Debug|Any CPU = Debug|Any CPU
		Release|Any CPU = Release|Any CPU
	EndGlobalSection
	GlobalSection(SolutionProperties) = preSolution
		HideSolutionNode = FALSE
	EndGlobalSection
	GlobalSection(NestedProjects) = preSolution
		{B0969D3C-FFE8-42FD-8D4D-E0A1D86996FF} = {CBF96277-48C4-4A32-B3BF-DED73282D63D}
		{5C151624-439D-44C4-800B-F5FD37C3CA8B} = {CBF96277-48C4-4A32-B3BF-DED73282D63D}
		{F1A2C08A-957E-450F-A8A9-E26077C7AB79} = {CBF96277-48C4-4A32-B3BF-DED73282D63D}
		{08E0CD0D-7FA8-4B1A-915C-3FB3935E35A3} = {B0969D3C-FFE8-42FD-8D4D-E0A1D86996FF}
		{CC826D9F-7D8D-4D36-BC33-9D08C103B4FF} = {B0969D3C-FFE8-42FD-8D4D-E0A1D86996FF}
		{91B7B152-8B17-44DA-B8EE-0E59CEF94278} = {5C151624-439D-44C4-800B-F5FD37C3CA8B}
		{C585A2AB-77B1-4D21-B7E2-7CA11CB43785} = {5C151624-439D-44C4-800B-F5FD37C3CA8B}
		{3436624B-D0C3-4217-9A4C-C10214B89762} = {F1A2C08A-957E-450F-A8A9-E26077C7AB79}
		{7B4A90A6-5259-4BF3-AE37-E4E2F01DE03B} = {A118D048-A81D-4155-873D-F9BBB1B0D576}
		{8006F9D9-135D-4E05-A586-1F554C7D57B4} = {A118D048-A81D-4155-873D-F9BBB1B0D576}
		{ADA8D475-E69B-4F41-B3B7-611DAF665EFD} = {B0969D3C-FFE8-42FD-8D4D-E0A1D86996FF}
		{E57D35D6-0727-4A23-9CB3-CC6352999206} = {5C151624-439D-44C4-800B-F5FD37C3CA8B}
	EndGlobalSection
	GlobalSection(ProjectConfigurationPlatforms) = postSolution
		{08E0CD0D-7FA8-4B1A-915C-3FB3935E35A3}.Debug|Any CPU.ActiveCfg = Debug|Any CPU
		{08E0CD0D-7FA8-4B1A-915C-3FB3935E35A3}.Debug|Any CPU.Build.0 = Debug|Any CPU
		{08E0CD0D-7FA8-4B1A-915C-3FB3935E35A3}.Release|Any CPU.ActiveCfg = Release|Any CPU
		{08E0CD0D-7FA8-4B1A-915C-3FB3935E35A3}.Release|Any CPU.Build.0 = Release|Any CPU
		{CC826D9F-7D8D-4D36-BC33-9D08C103B4FF}.Debug|Any CPU.ActiveCfg = Debug|Any CPU
		{CC826D9F-7D8D-4D36-BC33-9D08C103B4FF}.Debug|Any CPU.Build.0 = Debug|Any CPU
		{CC826D9F-7D8D-4D36-BC33-9D08C103B4FF}.Release|Any CPU.ActiveCfg = Release|Any CPU
		{CC826D9F-7D8D-4D36-BC33-9D08C103B4FF}.Release|Any CPU.Build.0 = Release|Any CPU
		{91B7B152-8B17-44DA-B8EE-0E59CEF94278}.Debug|Any CPU.ActiveCfg = Debug|Any CPU
		{91B7B152-8B17-44DA-B8EE-0E59CEF94278}.Debug|Any CPU.Build.0 = Debug|Any CPU
		{91B7B152-8B17-44DA-B8EE-0E59CEF94278}.Release|Any CPU.ActiveCfg = Release|Any CPU
		{91B7B152-8B17-44DA-B8EE-0E59CEF94278}.Release|Any CPU.Build.0 = Release|Any CPU
		{C585A2AB-77B1-4D21-B7E2-7CA11CB43785}.Debug|Any CPU.ActiveCfg = Debug|Any CPU
		{C585A2AB-77B1-4D21-B7E2-7CA11CB43785}.Debug|Any CPU.Build.0 = Debug|Any CPU
		{C585A2AB-77B1-4D21-B7E2-7CA11CB43785}.Release|Any CPU.ActiveCfg = Release|Any CPU
		{C585A2AB-77B1-4D21-B7E2-7CA11CB43785}.Release|Any CPU.Build.0 = Release|Any CPU
		{3436624B-D0C3-4217-9A4C-C10214B89762}.Debug|Any CPU.ActiveCfg = Debug|Any CPU
		{3436624B-D0C3-4217-9A4C-C10214B89762}.Debug|Any CPU.Build.0 = Debug|Any CPU
		{3436624B-D0C3-4217-9A4C-C10214B89762}.Release|Any CPU.ActiveCfg = Release|Any CPU
		{3436624B-D0C3-4217-9A4C-C10214B89762}.Release|Any CPU.Build.0 = Release|Any CPU
		{7B4A90A6-5259-4BF3-AE37-E4E2F01DE03B}.Debug|Any CPU.ActiveCfg = Debug|Any CPU
		{7B4A90A6-5259-4BF3-AE37-E4E2F01DE03B}.Debug|Any CPU.Build.0 = Debug|Any CPU
		{7B4A90A6-5259-4BF3-AE37-E4E2F01DE03B}.Release|Any CPU.ActiveCfg = Release|Any CPU
		{7B4A90A6-5259-4BF3-AE37-E4E2F01DE03B}.Release|Any CPU.Build.0 = Release|Any CPU
		{8006F9D9-135D-4E05-A586-1F554C7D57B4}.Debug|Any CPU.ActiveCfg = Debug|Any CPU
		{8006F9D9-135D-4E05-A586-1F554C7D57B4}.Debug|Any CPU.Build.0 = Debug|Any CPU
		{8006F9D9-135D-4E05-A586-1F554C7D57B4}.Release|Any CPU.ActiveCfg = Release|Any CPU
		{8006F9D9-135D-4E05-A586-1F554C7D57B4}.Release|Any CPU.Build.0 = Release|Any CPU
		{ADA8D475-E69B-4F41-B3B7-611DAF665EFD}.Debug|Any CPU.ActiveCfg = Debug|Any CPU
		{ADA8D475-E69B-4F41-B3B7-611DAF665EFD}.Debug|Any CPU.Build.0 = Debug|Any CPU
		{ADA8D475-E69B-4F41-B3B7-611DAF665EFD}.Release|Any CPU.ActiveCfg = Release|Any CPU
		{ADA8D475-E69B-4F41-B3B7-611DAF665EFD}.Release|Any CPU.Build.0 = Release|Any CPU
		{E57D35D6-0727-4A23-9CB3-CC6352999206}.Debug|Any CPU.ActiveCfg = Debug|Any CPU
		{E57D35D6-0727-4A23-9CB3-CC6352999206}.Debug|Any CPU.Build.0 = Debug|Any CPU
		{E57D35D6-0727-4A23-9CB3-CC6352999206}.Release|Any CPU.ActiveCfg = Release|Any CPU
		{E57D35D6-0727-4A23-9CB3-CC6352999206}.Release|Any CPU.Build.0 = Release|Any CPU
	EndGlobalSection
EndGlobal
